{
  "name": "stripe-layer",
  "version": "1.0.0",
  "lockfileVersion": 3,
  "requires": true,
  "packages": {
    "": {
      "name": "stripe-layer",
      "version": "1.0.0",
      "license": "ISC",
      "dependencies": {
        "stripe": "^20.3.1"
      }
    },
    "node_modules/stripe": {
      "version": "20.3.1",
      "resolved": "https://registry.npmjs.org/stripe/-/stripe-20.3.1.tgz",
      "integrity": "sha512-k990yOT5G5rhX3XluRPw5Y8RLdJDW4dzQ29wWT66piHrbnM2KyamJ1dKgPsw4HzGHRWjDiSSdcI2WdxQUPV3aQ==",
      "license": "MIT",
      "engines": {
        "node": ">=16"
      },
      "peerDependencies": {
        "@types/node": ">=16"
      },
      "peerDependenciesMeta": {
        "@types/node": {
          "optional": true
        }
      }
    }
  }
}
